Microsoft Visual Studio Solution File, Format Version 12.00
# Visual Studio 2013
VisualStudioVersion = 12.0.40629.0
MinimumVisualStudioVersion = 10.0.40219.1
Project("{FAE04EC0-301F-11D3-BF4B-00C04F79EFBC}") = "Problem01-05", "Problem01-05\Problem01-05.csproj", "{492D281C-6685-4982-8C70-190610D044E6}"
EndProject
Project("{FAE04EC0-301F-11D3-BF4B-00C04F79EFBC}") = "Problem06.DivisibleBy7And3", "DivisibleBy7And3\Problem06.DivisibleBy7And3.csproj", "{CE63313F-9B1E-43B4-8E27-3F0D4D0B68F9}"
EndProject
Project("{FAE04EC0-301F-11D3-BF4B-00C04F79EFBC}") = "Problem07.Timer", "Timer\Problem07.Timer.csproj", "{7E22E938-0664-45EB-B95C-1D30647C5454}"
EndProject
Project("{FAE04EC0-301F-11D3-BF4B-00C04F79EFBC}") = "Problem09-16", "Problem09-16\Problem09-16.csproj", "{C351E233-D921-471C-A065-01AAB495672C}"
EndProject
Project("{FAE04EC0-301F-11D3-BF4B-00C04F79EFBC}") = "Problem17.LongestString", "LongestString\Problem17.LongestString.csproj", "{D73ACE1F-5096-498F-8BD6-5CA5C334E6D9}"
EndProject
Project("{FAE04EC0-301F-11D3-BF4B-00C04F79EFBC}") = "Problem18-19", "Problem18-19\Problem18-19.csproj", "{1E9D18C1-3282-41BB-8DCE-1DB5E31E0C25}"
EndProject
Global
	GlobalSection(SolutionConfigurationPlatforms) = preSolution
		Debug|Any CPU = Debug|Any CPU
		Release|Any CPU = Release|Any CPU
	EndGlobalSection
	GlobalSection(ProjectConfigurationPlatforms) = postSolution
		{492D281C-6685-4982-8C70-190610D044E6}.Debug|Any CPU.ActiveCfg = Debug|Any CPU
		{492D281C-6685-4982-8C70-190610D044E6}.Debug|Any CPU.Build.0 = Debug|Any CPU
		{492D281C-6685-4982-8C70-190610D044E6}.Release|Any CPU.ActiveCfg = Release|Any CPU
		{492D281C-6685-4982-8C70-190610D044E6}.Release|Any CPU.Build.0 = Release|Any CPU
		{CE63313F-9B1E-43B4-8E27-3F0D4D0B68F9}.Debug|Any CPU.ActiveCfg = Debug|Any CPU
		{CE63313F-9B1E-43B4-8E27-3F0D4D0B68F9}.Debug|Any CPU.Build.0 = Debug|Any CPU
		{CE63313F-9B1E-43B4-8E27-3F0D4D0B68F9}.Release|Any CPU.ActiveCfg = Release|Any CPU
		{CE63313F-9B1E-43B4-8E27-3F0D4D0B68F9}.Release|Any CPU.Build.0 = Release|Any CPU
		{7E22E938-0664-45EB-B95C-1D30647C5454}.Debug|Any CPU.ActiveCfg = Debug|Any CPU
		{7E22E938-0664-45EB-B95C-1D30647C5454}.Debug|Any CPU.Build.0 = Debug|Any CPU
		{7E22E938-0664-45EB-B95C-1D30647C5454}.Release|Any CPU.ActiveCfg = Release|Any CPU
		{7E22E938-0664-45EB-B95C-1D30647C5454}.Release|Any CPU.Build.0 = Release|Any CPU
		{C351E233-D921-471C-A065-01AAB495672C}.Debug|Any CPU.ActiveCfg = Debug|Any CPU
		{C351E233-D921-471C-A065-01AAB495672C}.Debug|Any CPU.Build.0 = Debug|Any CPU
		{C351E233-D921-471C-A065-01AAB495672C}.Release|Any CPU.ActiveCfg = Release|Any CPU
		{C351E233-D921-471C-A065-01AAB495672C}.Release|Any CPU.Build.0 = Release|Any CPU
		{D73ACE1F-5096-498F-8BD6-5CA5C334E6D9}.Debug|Any CPU.ActiveCfg = Debug|Any CPU
		{D73ACE1F-5096-498F-8BD6-5CA5C334E6D9}.Debug|Any CPU.Build.0 = Debug|Any CPU
		{D73ACE1F-5096-498F-8BD6-5CA5C334E6D9}.Release|Any CPU.ActiveCfg = Release|Any CPU
		{D73ACE1F-5096-498F-8BD6-5CA5C334E6D9}.Release|Any CPU.Build.0 = Release|Any CPU
		{1E9D18C1-3282-41BB-8DCE-1DB5E31E0C25}.Debug|Any CPU.ActiveCfg = Debug|Any CPU
		{1E9D18C1-3282-41BB-8DCE-1DB5E31E0C25}.Debug|Any CPU.Build.0 = Debug|Any CPU
		{1E9D18C1-3282-41BB-8DCE-1DB5E31E0C25}.Release|Any CPU.ActiveCfg = Release|Any CPU
		{1E9D18C1-3282-41BB-8DCE-1DB5E31E0C25}.Release|Any CPU.Build.0 = Release|Any CPU
	EndGlobalSection
	GlobalSection(SolutionProperties) = preSolution
		HideSolutionNode = FALSE
	EndGlobalSection
EndGlobal
